
Microsoft Visual Studio Solution File, Format Version 12.00
# Visual Studio Version 17
VisualStudioVersion = 17.5.33530.505
MinimumVisualStudioVersion = 10.0.40219.1
Project("{FAE04EC0-301F-11D3-BF4B-00C04F79EFBC}") = "Game_Millionaire_with_sql", "Game_Millionaire_with_sql\Game_Millionaire_with_sql.csproj", "{F28ABF08-F761-4C9F-AE14-A74DDF8548C6}"
EndProject
Global
	GlobalSection(SolutionConfigurationPlatforms) = preSolution
		Debug|Any CPU = Debug|Any CPU
		Release|Any CPU = Release|Any CPU
	EndGlobalSection
	GlobalSection(ProjectConfigurationPlatforms) = postSolution
		{F28ABF08-F761-4C9F-AE14-A74DDF8548C6}.Debug|Any CPU.ActiveCfg = Debug|Any CPU
		{F28ABF08-F761-4C9F-AE14-A74DDF8548C6}.Debug|Any CPU.Build.0 = Debug|Any CPU
		{F28ABF08-F761-4C9F-AE14-A74DDF8548C6}.Release|Any CPU.ActiveCfg = Release|Any CPU
		{F28ABF08-F761-4C9F-AE14-A74DDF8548C6}.Release|Any CPU.Build.0 = Release|Any CPU
	EndGlobalSection
	GlobalSection(SolutionProperties) = preSolution
		HideSolutionNode = FALSE
	EndGlobalSection
	GlobalSection(ExtensibilityGlobals) = postSolution
		SolutionGuid = {AB02D134-BF20-447E-BFA9-5321BC7609D5}
	EndGlobalSection
EndGlobal
